
Microsoft Visual Studio Solution File, Format Version 12.00
# Visual Studio Version 16
VisualStudioVersion = 16.0.29609.76
MinimumVisualStudioVersion = 10.0.40219.1
Project("{FAE04EC0-301F-11D3-BF4B-00C04F79EFBC}") = "LeetCodeAprilChallengeDay2", "LeetCodeAprilChallengeDay2\LeetCodeAprilChallengeDay2.csproj", "{F0FFA0DC-3F08-4F63-84EB-0E4A2B7CAA3B}"
EndProject
Project("{FAE04EC0-301F-11D3-BF4B-00C04F79EFBC}") = "LeetCodeAprilChallengeDay1", "LeetCodeAprilChallengeDay1\LeetCodeAprilChallengeDay1.csproj", "{355B74B4-2362-45C0-958E-8ABD75730C74}"
EndProject
Global
	GlobalSection(SolutionConfigurationPlatforms) = preSolution
		Debug|Any CPU = Debug|Any CPU
		Release|Any CPU = Release|Any CPU
	EndGlobalSection
	GlobalSection(ProjectConfigurationPlatforms) = postSolution
		{F0FFA0DC-3F08-4F63-84EB-0E4A2B7CAA3B}.Debug|Any CPU.ActiveCfg = Debug|Any CPU
		{F0FFA0DC-3F08-4F63-84EB-0E4A2B7CAA3B}.Debug|Any CPU.Build.0 = Debug|Any CPU
		{F0FFA0DC-3F08-4F63-84EB-0E4A2B7CAA3B}.Release|Any CPU.ActiveCfg = Release|Any CPU
		{F0FFA0DC-3F08-4F63-84EB-0E4A2B7CAA3B}.Release|Any CPU.Build.0 = Release|Any CPU
		{355B74B4-2362-45C0-958E-8ABD75730C74}.Debug|Any CPU.ActiveCfg = Debug|Any CPU
		{355B74B4-2362-45C0-958E-8ABD75730C74}.Debug|Any CPU.Build.0 = Debug|Any CPU
		{355B74B4-2362-45C0-958E-8ABD75730C74}.Release|Any CPU.ActiveCfg = Release|Any CPU
		{355B74B4-2362-45C0-958E-8ABD75730C74}.Release|Any CPU.Build.0 = Release|Any CPU
	EndGlobalSection
	GlobalSection(SolutionProperties) = preSolution
		HideSolutionNode = FALSE
	EndGlobalSection
	GlobalSection(ExtensibilityGlobals) = postSolution
		SolutionGuid = {DB172777-377E-47D1-BB24-9DD8D0236AAC}
	EndGlobalSection
EndGlobal
